<?xml version="1.0" encoding="utf-8"?>
<Project ToolsVersion="4.0" xmlns="http://schemas.microsoft.com/developer/msbuild/2003">
  <ItemGroup>
    <Filter Include="Game">
      <UniqueIdentifier>{27b470b2-7217-4c25-9daf-f854417ecb61}</UniqueIdentifier>
    </Filter>
    <Filter Include="DX3D">
      <UniqueIdentifier>{c0757fa7-5480-4f7b-9034-411fe71e55de}</UniqueIdentifier>
    </Filter>
    <Filter Include="DX3D\Include">
      <UniqueIdentifier>{18c4151f-27f7-4298-8274-f4c9617f914d}</UniqueIdentifier>
    </Filter>
    <Filter Include="DX3D\Include\DX3D">
      <UniqueIdentifier>{c411fc6e-e8ee-49a9-9caf-a8ba86179c79}</UniqueIdentifier>
    </Filter>
    <Filter Include="DX3D\Source">
      <UniqueIdentifier>{6fe54655-3f2d-45be-8bdb-16cdea54581b}</UniqueIdentifier>
    </Filter>
    <Filter Include="DX3D\Source\DX3D">
      <UniqueIdentifier>{35b81337-5aa7-4593-a11e-0758a0efb754}</UniqueIdentifier>
    </Filter>
    <Filter Include="DX3D\Include\DX3D\Core">
      <UniqueIdentifier>{309e04ea-1599-49c8-b777-f05898bc513e}</UniqueIdentifier>
    </Filter>
    <Filter Include="DX3D\Source\DX3D\Core">
      <UniqueIdentifier>{f54d703c-e9cd-4761-83b5-6a496944c849}</UniqueIdentifier>
    </Filter>
    <Filter Include="DX3D\Source\DX3D\Window">
      <UniqueIdentifier>{90e887e8-701d-42ec-8831-f3361ac59342}</UniqueIdentifier>
    </Filter>
    <Filter Include="DX3D\Include\DX3D\Window">
      <UniqueIdentifier>{d3d594c1-8618-4f0c-b8e1-38085765a4b5}</UniqueIdentifier>
    </Filter>
  </ItemGroup>
  <ItemGroup>
    <ClCompile Include="Game\main.cpp">
      <Filter>Game</Filter>
    </ClCompile>
    <ClCompile Include="DX3D\Source\DX3D\Core\Base.cpp">
      <Filter>DX3D\Source\DX3D\Core</Filter>
    </ClCompile>
    <ClCompile Include="DX3D\Source\DX3D\Window\Win32\Win32Window.cpp" />
    <ClCompile Include="DX3D\Source\DX3D\Game\Game.cpp" />
    <ClCompile Include="DX3D\Source\DX3D\Game\Win32\Win32Game.cpp" />
    <ClCompile Include="DX3D\Source\DX3D\Core\Logger.cpp" />
    <ClCompile Include="DX3D\Source\DX3D\Graphics\GraphicsEngine.cpp" />
    <ClCompile Include="DX3D\Source\DX3D\Game\Display.cpp" />
    <ClCompile Include="DX3D\Source\DX3D\Graphics\SwapChain.cpp" />
    <ClCompile Include="DX3D\Source\DX3D\Graphics\GraphicsDevice.cpp" />
    <ClCompile Include="DX3D\Source\DX3D\Graphics\DeviceContext.cpp" />
    <ClCompile Include="DX3D\Source\DX3D\Graphics\Mesh.cpp" />
    <ClCompile Include="DX3D\Source\DX3D\Graphics\Shader.cpp" />
    <ClCompile Include="DX3D\Source\DX3D\Graphics\Triangle.cpp" />
    <ClCompile Include="DX3D\Source\DX3D\Graphics\Rectangle.cpp" />
    <ClCompile Include="DX3D\Source\DX3D\Graphics\GraphicsPipelineState.cpp" />
    <ClCompile Include="DX3D\Source\DX3D\Graphics\ShaderBinary.cpp" />
    <ClCompile Include="DX3D\Source\DX3D\Graphics\Cube.cpp" />
    <ClCompile Include="DX3D\Source\DX3D\Graphics\AnimatedRectangle.cpp" />
    <ClCompile Include="DX3D\Source\DX3D\Core\EngineTime.cpp" />
  </ItemGroup>
  <ItemGroup>
    <ClInclude Include="DX3D\Include\DX3D\Core\Base.h">
      <Filter>DX3D\Include\DX3D\Core</Filter>
    </ClInclude>
    <ClInclude Include="DX3D\Include\DX3D\Window\Window.h" />
    <ClInclude Include="DX3D\Include\DX3D\Game\Game.h" />
    <ClInclude Include="DX3D\Include\DX3D\Core\Core.h" />
    <ClInclude Include="DX3D\Include\DX3D\All.h" />
    <ClInclude Include="DX3D\Include\DX3D\Core\Common.h" />
    <ClInclude Include="DX3D\Include\DX3D\Core\Logger.h" />
    <ClInclude Include="DX3D\Include\DX3D\Game\Display.h" />
    <ClInclude Include="DX3D\Include\DX3D\Math\Rect.h" />
    <ClInclude Include="DX3D\Source\DX3D\Graphics\GraphicsLogUtils.h" />
    <ClInclude Include="DX3D\Source\DX3D\Graphics\GraphicsResource.h" />
    <ClInclude Include="DX3D\Source\DX3D\Graphics\SwapChain.h" />
    <ClInclude Include="DX3D\Source\DX3D\Graphics\GraphicsEngine.h" />
    <ClInclude Include="DX3D\Source\DX3D\Graphics\GraphicsDevice.h" />
    <ClInclude Include="DX3D\Include\DX3D\Math\Vec4.h" />
    <ClInclude Include="DX3D\Source\DX3D\Graphics\DeviceContext.h" />
    <ClInclude Include="DX3D\Include\DX3D\Graphics\Shader.h" />
    <ClInclude Include="DX3D\Include\DX3D\Graphics\Triangle.h" />
    <ClInclude Include="DX3D\Include\DX3D\Graphics\Rectangle.h" />
    <ClInclude Include="DX3D\Source\DX3D\Graphics\GraphicsPipelineState.h" />
    <ClInclude Include="DX3D\Source\DX3D\Graphics\GraphicsUtils.h" />
    <ClInclude Include="DX3D\Source\DX3D\Graphics\ShaderBinary.h" />
    <ClInclude Include="DX3D\Include\DX3D\Graphics\Cube.h" />
    <ClInclude Include="DX3D\Include\DX3D\Graphics\AnimatedRectangle.h" />
    <ClInclude Include="DX3D\Include\DX3D\Core\EngineTime.h" />
    <ClInclude Include="DX3D\Include\DX3D\Math\Vec3.h" />
    <ClInclude Include="DX3D\Include\DX3D\Math\Matrix4x4.h" />
  </ItemGroup>
</Project>